
Microsoft Visual Studio Solution File, Format Version 12.00
# Visual Studio Version 17
VisualStudioVersion = 17.5.002.0
MinimumVisualStudioVersion = 10.0.40219.1
Project("{9A19103F-16F7-4668-BE54-9A1E7A4F7556}") = "NVG_baithi_2324", "NVG_baithi_2324.csproj", "{6305668C-6201-4F4E-BF12-0965FDF3DB41}"
EndProject
Global
	GlobalSection(SolutionConfigurationPlatforms) = preSolution
		Debug|Any CPU = Debug|Any CPU
		Release|Any CPU = Release|Any CPU
	EndGlobalSection
	GlobalSection(ProjectConfigurationPlatforms) = postSolution
		{6305668C-6201-4F4E-BF12-0965FDF3DB41}.Debug|Any CPU.ActiveCfg = Debug|Any CPU
		{6305668C-6201-4F4E-BF12-0965FDF3DB41}.Debug|Any CPU.Build.0 = Debug|Any CPU
		{6305668C-6201-4F4E-BF12-0965FDF3DB41}.Release|Any CPU.ActiveCfg = Release|Any CPU
		{6305668C-6201-4F4E-BF12-0965FDF3DB41}.Release|Any CPU.Build.0 = Release|Any CPU
	EndGlobalSection
	GlobalSection(SolutionProperties) = preSolution
		HideSolutionNode = FALSE
	EndGlobalSection
	GlobalSection(ExtensibilityGlobals) = postSolution
		SolutionGuid = {E68597EA-7014-4942-9216-D4DBAE56F1DF}
	EndGlobalSection
EndGlobal
